// !$*UTF8*$!
{
	archiveVersion = 1;
	classes = {
	};
	objectVersion = 56;
	objects = {

/* Begin PBXBuildFile section */
		C6F873122B0C7E040000E482 /* AppDelegate.swift in Sources */ = {isa = PBXBuildFile; fileRef = C6F873112B0C7E040000E482 /* AppDelegate.swift */; };
		C6F873142B0C7E040000E482 /* SceneDelegate.swift in Sources */ = {isa = PBXBuildFile; fileRef = C6F873132B0C7E040000E482 /* SceneDelegate.swift */; };
		C6F873162B0C7E040000E482 /* ViewController.swift in Sources */ = {isa = PBXBuildFile; fileRef = C6F873152B0C7E040000E482 /* ViewController.swift */; };
		C6F873192B0C7E050000E482 /* Main.storyboard in Resources */ = {isa = PBXBuildFile; fileRef = C6F873172B0C7E050000E482 /* Main.storyboard */; };
		C6F8731B2B0C7E060000E482 /* Assets.xcassets in Resources */ = {isa = PBXBuildFile; fileRef = C6F8731A2B0C7E060000E482 /* Assets.xcassets */; };
		C6F8731E2B0C7E060000E482 /* LaunchScreen.storyboard in Resources */ = {isa = PBXBuildFile; fileRef = C6F8731C2B0C7E060000E482 /* LaunchScreen.storyboard */; };
		C6F873262B0C7E410000E482 /* SwiftuiSubView.swift in Sources */ = {isa = PBXBuildFile; fileRef = C6F873252B0C7E410000E482 /* SwiftuiSubView.swift */; };
		C6F873292B0C8CE20000E482 /* LoginScreen.swift in Sources */ = {isa = PBXBuildFile; fileRef = C6F873282B0C8CE20000E482 /* LoginScreen.swift */; };
		C6F8732B2B0C8D780000E482 /* LoginModel.swift in Sources */ = {isa = PBXBuildFile; fileRef = C6F8732A2B0C8D780000E482 /* LoginModel.swift */; };
		C6F8732D2B0C959E0000E482 /* ImagePicker.swift in Sources */ = {isa = PBXBuildFile; fileRef = C6F8732C2B0C959E0000E482 /* ImagePicker.swift */; };
		C6F8732F2B0C97030000E482 /* ContentView.swift in Sources */ = {isa = PBXBuildFile; fileRef = C6F8732E2B0C97030000E482 /* ContentView.swift */; };
		C6F873312B0CAE1B0000E482 /* UIKitSampleSubView.xib in Resources */ = {isa = PBXBuildFile; fileRef = C6F873302B0CAE1B0000E482 /* UIKitSampleSubView.xib */; };
		C6F873332B0CAEBD0000E482 /* UIKitToSwiftUISubView.swift in Sources */ = {isa = PBXBuildFile; fileRef = C6F873322B0CAEBD0000E482 /* UIKitToSwiftUISubView.swift */; };
		C6F873352B0CAFB90000E482 /* UIKitSampleSubView.swift in Sources */ = {isa = PBXBuildFile; fileRef = C6F873342B0CAFB90000E482 /* UIKitSampleSubView.swift */; };
/* End PBXBuildFile section */

/* Begin PBXFileReference section */
		C6F8730E2B0C7E040000E482 /* UIkitSwiftuiIntegration.app */ = {isa = PBXFileReference; explicitFileType = wrapper.application; includeInIndex = 0; path = UIkitSwiftuiIntegration.app; sourceTree = BUILT_PRODUCTS_DIR; };
		C6F873112B0C7E040000E482 /* AppDelegate.swift */ = {isa = PBXFileReference; lastKnownFileType = sourcecode.swift; path = AppDelegate.swift; sourceTree = "<group>"; };
		C6F873132B0C7E040000E482 /* SceneDelegate.swift */ = {isa = PBXFileReference; lastKnownFileType = sourcecode.swift; path = SceneDelegate.swift; sourceTree = "<group>"; };
		C6F873152B0C7E040000E482 /* ViewController.swift */ = {isa = PBXFileReference; lastKnownFileType = sourcecode.swift; path = ViewController.swift; sourceTree = "<group>"; };
		C6F873182B0C7E050000E482 /* Base */ = {isa = PBXFileReference; lastKnownFileType = file.storyboard; name = Base; path = Base.lproj/Main.storyboard; sourceTree = "<group>"; };
		C6F8731A2B0C7E060000E482 /* Assets.xcassets */ = {isa = PBXFileReference; lastKnownFileType = folder.assetcatalog; path = Assets.xcassets; sourceTree = "<group>"; };
		C6F8731D2B0C7E060000E482 /* Base */ = {isa = PBXFileReference; lastKnownFileType = file.storyboard; name = Base; path = Base.lproj/LaunchScreen.storyboard; sourceTree = "<group>"; };
		C6F8731F2B0C7E060000E482 /* Info.plist */ = {isa = PBXFileReference; lastKnownFileType = text.plist.xml; path = Info.plist; sourceTree = "<group>"; };
		C6F873252B0C7E410000E482 /* SwiftuiSubView.swift */ = {isa = PBXFileReference; lastKnownFileType = sourcecode.swift; path = SwiftuiSubView.swift; sourceTree = "<group>"; };
		C6F873282B0C8CE20000E482 /* LoginScreen.swift */ = {isa = PBXFileReference; lastKnownFileType = sourcecode.swift; path = LoginScreen.swift; sourceTree = "<group>"; };
		C6F8732A2B0C8D780000E482 /* LoginModel.swift */ = {isa = PBXFileReference; lastKnownFileType = sourcecode.swift; path = LoginModel.swift; sourceTree = "<group>"; };
		C6F8732C2B0C959E0000E482 /* ImagePicker.swift */ = {isa = PBXFileReference; lastKnownFileType = sourcecode.swift; path = ImagePicker.swift; sourceTree = "<group>"; };
		C6F8732E2B0C97030000E482 /* ContentView.swift */ = {isa = PBXFileReference; lastKnownFileType = sourcecode.swift; path = ContentView.swift; sourceTree = "<group>"; };
		C6F873302B0CAE1B0000E482 /* UIKitSampleSubView.xib */ = {isa = PBXFileReference; lastKnownFileType = file.xib; path = UIKitSampleSubView.xib; sourceTree = "<group>"; };
		C6F873322B0CAEBD0000E482 /* UIKitToSwiftUISubView.swift */ = {isa = PBXFileReference; lastKnownFileType = sourcecode.swift; path = UIKitToSwiftUISubView.swift; sourceTree = "<group>"; };
		C6F873342B0CAFB90000E482 /* UIKitSampleSubView.swift */ = {isa = PBXFileReference; lastKnownFileType = sourcecode.swift; path = UIKitSampleSubView.swift; sourceTree = "<group>"; };
/* End PBXFileReference section */

/* Begin PBXFrameworksBuildPhase section */
		C6F8730B2B0C7E040000E482 /* Frameworks */ = {
			isa = PBXFrameworksBuildPhase;
			buildActionMask = 2147483647;
			files = (
			);
			runOnlyForDeploymentPostprocessing = 0;
		};
/* End PBXFrameworksBuildPhase section */

/* Begin PBXGroup section */
		C6F873052B0C7E040000E482 = {
			isa = PBXGroup;
			children = (
				C6F873102B0C7E040000E482 /* UIkitSwiftuiIntegration */,
				C6F8730F2B0C7E040000E482 /* Products */,
			);
			sourceTree = "<group>";
		};
		C6F8730F2B0C7E040000E482 /* Products */ = {
			isa = PBXGroup;
			children = (
				C6F8730E2B0C7E040000E482 /* UIkitSwiftuiIntegration.app */,
			);
			name = Products;
			sourceTree = "<group>";
		};
		C6F873102B0C7E040000E482 /* UIkitSwiftuiIntegration */ = {
			isa = PBXGroup;
			children = (
				C6F873112B0C7E040000E482 /* AppDelegate.swift */,
				C6F873132B0C7E040000E482 /* SceneDelegate.swift */,
				C6F873152B0C7E040000E482 /* ViewController.swift */,
				C6F873252B0C7E410000E482 /* SwiftuiSubView.swift */,
				C6F873282B0C8CE20000E482 /* LoginScreen.swift */,
				C6F8732C2B0C959E0000E482 /* ImagePicker.swift */,
				C6F873302B0CAE1B0000E482 /* UIKitSampleSubView.xib */,
				C6F873342B0CAFB90000E482 /* UIKitSampleSubView.swift */,
				C6F873322B0CAEBD0000E482 /* UIKitToSwiftUISubView.swift */,
				C6F8732E2B0C97030000E482 /* ContentView.swift */,
				C6F8732A2B0C8D780000E482 /* LoginModel.swift */,
				C6F873172B0C7E050000E482 /* Main.storyboard */,
				C6F8731A2B0C7E060000E482 /* Assets.xcassets */,
				C6F8731C2B0C7E060000E482 /* LaunchScreen.storyboard */,
				C6F8731F2B0C7E060000E482 /* Info.plist */,
			);
			path = UIkitSwiftuiIntegration;
			sourceTree = "<group>";
		};
/* End PBXGroup section */

/* Begin PBXNativeTarget section */
		C6F8730D2B0C7E040000E482 /* UIkitSwiftuiIntegration */ = {
			isa = PBXNativeTarget;
			buildConfigurationList = C6F873222B0C7E060000E482 /* Build configuration list for PBXNativeTarget "UIkitSwiftuiIntegration" */;
			buildPhases = (
				C6F8730A2B0C7E040000E482 /* Sources */,
				C6F8730B2B0C7E040000E482 /* Frameworks */,
				C6F8730C2B0C7E040000E482 /* Resources */,
			);
			buildRules = (
			);
			dependencies = (
			);
			name = UIkitSwiftuiIntegration;
			productName = UIkitSwiftuiIntegration;
			productReference = C6F8730E2B0C7E040000E482 /* UIkitSwiftuiIntegration.app */;
			productType = "com.apple.product-type.application";
		};
/* End PBXNativeTarget section */

/* Begin PBXProject section */
		C6F873062B0C7E040000E482 /* Project object */ = {
			isa = PBXProject;
			attributes = {
				BuildIndependentTargetsInParallel = 1;
				LastSwiftUpdateCheck = 1500;
				LastUpgradeCheck = 1500;
				TargetAttributes = {
					C6F8730D2B0C7E040000E482 = {
						CreatedOnToolsVersion = 15.0.1;
					};
				};
			};
			buildConfigurationList = C6F873092B0C7E040000E482 /* Build configuration list for PBXProject "UIkitSwiftuiIntegration" */;
			compatibilityVersion = "Xcode 14.0";
			developmentRegion = en;
			hasScannedForEncodings = 0;
			knownRegions = (
				en,
				Base,
			);
			mainGroup = C6F873052B0C7E040000E482;
			productRefGroup = C6F8730F2B0C7E040000E482 /* Products */;
			projectDirPath = "";
			projectRoot = "";
			targets = (
				C6F8730D2B0C7E040000E482 /* UIkitSwiftuiIntegration */,
			);
		};
/* End PBXProject section */

/* Begin PBXResourcesBuildPhase section */
		C6F8730C2B0C7E040000E482 /* Resources */ = {
			isa = PBXResourcesBuildPhase;
			buildActionMask = 2147483647;
			files = (
				C6F873312B0CAE1B0000E482 /* UIKitSampleSubView.xib in Resources */,
				C6F8731E2B0C7E060000E482 /* LaunchScreen.storyboard in Resources */,
				C6F8731B2B0C7E060000E482 /* Assets.xcassets in Resources */,
				C6F873192B0C7E050000E482 /* Main.storyboard in Resources */,
			);
			runOnlyForDeploymentPostprocessing = 0;
		};
/* End PBXResourcesBuildPhase section */

/* Begin PBXSourcesBuildPhase section */
		C6F8730A2B0C7E040000E482 /* Sources */ = {
			isa = PBXSourcesBuildPhase;
			buildActionMask = 2147483647;
			files = (
				C6F873352B0CAFB90000E482 /* UIKitSampleSubView.swift in Sources */,
				C6F873162B0C7E040000E482 /* ViewController.swift in Sources */,
				C6F8732B2B0C8D780000E482 /* LoginModel.swift in Sources */,
				C6F8732F2B0C97030000E482 /* ContentView.swift in Sources */,
				C6F873122B0C7E040000E482 /* AppDelegate.swift in Sources */,
				C6F8732D2B0C959E0000E482 /* ImagePicker.swift in Sources */,
				C6F873332B0CAEBD0000E482 /* UIKitToSwiftUISubView.swift in Sources */,
				C6F873142B0C7E040000E482 /* SceneDelegate.swift in Sources */,
				C6F873262B0C7E410000E482 /* SwiftuiSubView.swift in Sources */,
				C6F873292B0C8CE20000E482 /* LoginScreen.swift in Sources */,
			);
			runOnlyForDeploymentPostprocessing = 0;
		};
/* End PBXSourcesBuildPhase section */

/* Begin PBXVariantGroup section */
		C6F873172B0C7E050000E482 /* Main.storyboard */ = {
			isa = PBXVariantGroup;
			children = (
				C6F873182B0C7E050000E482 /* Base */,
			);
			name = Main.storyboard;
			sourceTree = "<group>";
		};
		C6F8731C2B0C7E060000E482 /* LaunchScreen.storyboard */ = {
			isa = PBXVariantGroup;
			children = (
				C6F8731D2B0C7E060000E482 /* Base */,
			);
			name = LaunchScreen.storyboard;
			sourceTree = "<group>";
		};
/* End PBXVariantGroup section */

/* Begin XCBuildConfiguration section */
		C6F873202B0C7E060000E482 /* Debug */ = {
			isa = XCBuildConfiguration;
			buildSettings = {
				ALWAYS_SEARCH_USER_PATHS = NO;
				ASSETCATALOG_COMPILER_GENERATE_SWIFT_ASSET_SYMBOL_EXTENSIONS = YES;
				CLANG_ANALYZER_NONNULL = YES;
				CLANG_ANALYZER_NUMBER_OBJECT_CONVERSION = YES_AGGRESSIVE;
				CLANG_CXX_LANGUAGE_STANDARD = "gnu++20";
				CLANG_ENABLE_MODULES = YES;
				CLANG_ENABLE_OBJC_ARC = YES;
				CLANG_ENABLE_OBJC_WEAK = YES;
				CLANG_WARN_BLOCK_CAPTURE_AUTORELEASING = YES;
				CLANG_WARN_BOOL_CONVERSION = YES;
				CLANG_WARN_COMMA = YES;
				CLANG_WARN_CONSTANT_CONVERSION = YES;
				CLANG_WARN_DEPRECATED_OBJC_IMPLEMENTATIONS = YES;
				CLANG_WARN_DIRECT_OBJC_ISA_USAGE = YES_ERROR;
				CLANG_WARN_DOCUMENTATION_COMMENTS = YES;
				CLANG_WARN_EMPTY_BODY = YES;
				CLANG_WARN_ENUM_CONVERSION = YES;
				CLANG_WARN_INFINITE_RECURSION = YES;
				CLANG_WARN_INT_CONVERSION = YES;
				CLANG_WARN_NON_LITERAL_NULL_CONVERSION = YES;
				CLANG_WARN_OBJC_IMPLICIT_RETAIN_SELF = YES;
				CLANG_WARN_OBJC_LITERAL_CONVERSION = YES;
				CLANG_WARN_OBJC_ROOT_CLASS = YES_ERROR;
				CLANG_WARN_QUOTED_INCLUDE_IN_FRAMEWORK_HEADER = YES;
				CLANG_WARN_RANGE_LOOP_ANALYSIS = YES;
				CLANG_WARN_STRICT_PROTOTYPES = YES;
				CLANG_WARN_SUSPICIOUS_MOVE = YES;
				CLANG_WARN_UNGUARDED_AVAILABILITY = YES_AGGRESSIVE;
				CLANG_WARN_UNREACHABLE_CODE = YES;
				CLANG_WARN__DUPLICATE_METHOD_MATCH = YES;
				COPY_PHASE_STRIP = NO;
				DEBUG_INFORMATION_FORMAT = dwarf;
				ENABLE_STRICT_OBJC_MSGSEND = YES;
				ENABLE_TESTABILITY = YES;
				ENABLE_USER_SCRIPT_SANDBOXING = YES;
				GCC_C_LANGUAGE_STANDARD = gnu17;
				GCC_DYNAMIC_NO_PIC = NO;
				GCC_NO_COMMON_BLOCKS = YES;
				GCC_OPTIMIZATION_LEVEL = 0;
				GCC_PREPROCESSOR_DEFINITIONS = (
					"DEBUG=1",
					"$(inherited)",
				);
				GCC_WARN_64_TO_32_BIT_CONVERSION = YES;
				GCC_WARN_ABOUT_RETURN_TYPE = YES_ERROR;
				GCC_WARN_UNDECLARED_SELECTOR = YES;
				GCC_WARN_UNINITIALIZED_AUTOS = YES_AGGRESSIVE;
				GCC_WARN_UNUSED_FUNCTION = YES;
				GCC_WARN_UNUSED_VARIABLE = YES;
				IPHONEOS_DEPLOYMENT_TARGET = 17.0;
				LOCALIZATION_PREFERS_STRING_CATALOGS = YES;
				MTL_ENABLE_DEBUG_INFO = INCLUDE_SOURCE;
				MTL_FAST_MATH = YES;
				ONLY_ACTIVE_ARCH = YES;
				SDKROOT = iphoneos;
				SWIFT_ACTIVE_COMPILATION_CONDITIONS = "DEBUG $(inherited)";
				SWIFT_OPTIMIZATION_LEVEL = "-Onone";
			};
			name = Debug;
		};
		C6F873212B0C7E060000E482 /* Release */ = {
			isa = XCBuildConfiguration;
			buildSettings = {
				ALWAYS_SEARCH_USER_PATHS = NO;
				ASSETCATALOG_COMPILER_GENERATE_SWIFT_ASSET_SYMBOL_EXTENSIONS = YES;
				CLANG_ANALYZER_NONNULL = YES;
				CLANG_ANALYZER_NUMBER_OBJECT_CONVERSION = YES_AGGRESSIVE;
				CLANG_CXX_LANGUAGE_STANDARD = "gnu++20";
				CLANG_ENABLE_MODULES = YES;
				CLANG_ENABLE_OBJC_ARC = YES;
				CLANG_ENABLE_OBJC_WEAK = YES;
				CLANG_WARN_BLOCK_CAPTURE_AUTORELEASING = YES;
				CLANG_WARN_BOOL_CONVERSION = YES;
				CLANG_WARN_COMMA = YES;
				CLANG_WARN_CONSTANT_CONVERSION = YES;
				CLANG_WARN_DEPRECATED_OBJC_IMPLEMENTATIONS = YES;
				CLANG_WARN_DIRECT_OBJC_ISA_USAGE = YES_ERROR;
				CLANG_WARN_DOCUMENTATION_COMMENTS = YES;
				CLANG_WARN_EMPTY_BODY = YES;
				CLANG_WARN_ENUM_CONVERSION = YES;
				CLANG_WARN_INFINITE_RECURSION = YES;
				CLANG_WARN_INT_CONVERSION = YES;
				CLANG_WARN_NON_LITERAL_NULL_CONVERSION = YES;
				CLANG_WARN_OBJC_IMPLICIT_RETAIN_SELF = YES;
				CLANG_WARN_OBJC_LITERAL_CONVERSION = YES;
				CLANG_WARN_OBJC_ROOT_CLASS = YES_ERROR;
				CLANG_WARN_QUOTED_INCLUDE_IN_FRAMEWORK_HEADER = YES;
				CLANG_WARN_RANGE_LOOP_ANALYSIS = YES;
				CLANG_WARN_STRICT_PROTOTYPES = YES;
				CLANG_WARN_SUSPICIOUS_MOVE = YES;
				CLANG_WARN_UNGUARDED_AVAILABILITY = YES_AGGRESSIVE;
				CLANG_WARN_UNREACHABLE_CODE = YES;
				CLANG_WARN__DUPLICATE_METHOD_MATCH = YES;
				COPY_PHASE_STRIP = NO;
				DEBUG_INFORMATION_FORMAT = "dwarf-with-dsym";
				ENABLE_NS_ASSERTIONS = NO;
				ENABLE_STRICT_OBJC_MSGSEND = YES;
				ENABLE_USER_SCRIPT_SANDBOXING = YES;
				GCC_C_LANGUAGE_STANDARD = gnu17;
				GCC_NO_COMMON_BLOCKS = YES;
				GCC_WARN_64_TO_32_BIT_CONVERSION = YES;
				GCC_WARN_ABOUT_RETURN_TYPE = YES_ERROR;
				GCC_WARN_UNDECLARED_SELECTOR = YES;
				GCC_WARN_UNINITIALIZED_AUTOS = YES_AGGRESSIVE;
				GCC_WARN_UNUSED_FUNCTION = YES;
				GCC_WARN_UNUSED_VARIABLE = YES;
				IPHONEOS_DEPLOYMENT_TARGET = 17.0;
				LOCALIZATION_PREFERS_STRING_CATALOGS = YES;
				MTL_ENABLE_DEBUG_INFO = NO;
				MTL_FAST_MATH = YES;
				SDKROOT = iphoneos;
				SWIFT_COMPILATION_MODE = wholemodule;
				VALIDATE_PRODUCT = YES;
			};
			name = Release;
		};
		C6F873232B0C7E060000E482 /* Debug */ = {
			isa = XCBuildConfiguration;
			buildSettings = {
				ASSETCATALOG_COMPILER_APPICON_NAME = AppIcon;
				ASSETCATALOG_COMPILER_GLOBAL_ACCENT_COLOR_NAME = AccentColor;
				CODE_SIGN_STYLE = Automatic;
				CURRENT_PROJECT_VERSION = 1;
				GENERATE_INFOPLIST_FILE = YES;
				INFOPLIST_FILE = UIkitSwiftuiIntegration/Info.plist;
				INFOPLIST_KEY_UIApplicationSupportsIndirectInputEvents = YES;
				INFOPLIST_KEY_UILaunchStoryboardName = LaunchScreen;
				INFOPLIST_KEY_UIMainStoryboardFile = Main;
				INFOPLIST_KEY_UISupportedInterfaceOrientations_iPad = "UIInterfaceOrientationPortrait UIInterfaceOrientationPortraitUpsideDown UIInterfaceOrientationLandscapeLeft UIInterfaceOrientationLandscapeRight";
				INFOPLIST_KEY_UISupportedInterfaceOrientations_iPhone = "UIInterfaceOrientationPortrait UIInterfaceOrientationLandscapeLeft UIInterfaceOrientationLandscapeRight";
				LD_RUNPATH_SEARCH_PATHS = (
					"$(inherited)",
					"@executable_path/Frameworks",
				);
				MARKETING_VERSION = 1.0;
				PRODUCT_BUNDLE_IDENTIFIER = com.uv.UIkitSwiftuiIntegration;
				PRODUCT_NAME = "$(TARGET_NAME)";
				SWIFT_EMIT_LOC_STRINGS = YES;
				SWIFT_VERSION = 5.0;
				TARGETED_DEVICE_FAMILY = "1,2";
			};
			name = Debug;
		};
		C6F873242B0C7E060000E482 /* Release */ = {
			isa = XCBuildConfiguration;
			buildSettings = {
				ASSETCATALOG_COMPILER_APPICON_NAME = AppIcon;
				ASSETCATALOG_COMPILER_GLOBAL_ACCENT_COLOR_NAME = AccentColor;
				CODE_SIGN_STYLE = Automatic;
				CURRENT_PROJECT_VERSION = 1;
				GENERATE_INFOPLIST_FILE = YES;
				INFOPLIST_FILE = UIkitSwiftuiIntegration/Info.plist;
				INFOPLIST_KEY_UIApplicationSupportsIndirectInputEvents = YES;
				INFOPLIST_KEY_UILaunchStoryboardName = LaunchScreen;
				INFOPLIST_KEY_UIMainStoryboardFile = Main;
				INFOPLIST_KEY_UISupportedInterfaceOrientations_iPad = "UIInterfaceOrientationPortrait UIInterfaceOrientationPortraitUpsideDown UIInterfaceOrientationLandscapeLeft UIInterfaceOrientationLandscapeRight";
				INFOPLIST_KEY_UISupportedInterfaceOrientations_iPhone = "UIInterfaceOrientationPortrait UIInterfaceOrientationLandscapeLeft UIInterfaceOrientationLandscapeRight";
				LD_RUNPATH_SEARCH_PATHS = (
					"$(inherited)",
					"@executable_path/Frameworks",
				);
				MARKETING_VERSION = 1.0;
				PRODUCT_BUNDLE_IDENTIFIER = com.uv.UIkitSwiftuiIntegration;
				PRODUCT_NAME = "$(TARGET_NAME)";
				SWIFT_EMIT_LOC_STRINGS = YES;
				SWIFT_VERSION = 5.0;
				TARGETED_DEVICE_FAMILY = "1,2";
			};
			name = Release;
		};
/* End XCBuildConfiguration section */

/* Begin XCConfigurationList section */
		C6F873092B0C7E040000E482 /* Build configuration list for PBXProject "UIkitSwiftuiIntegration" */ = {
			isa = XCConfigurationList;
			buildConfigurations = (
				C6F873202B0C7E060000E482 /* Debug */,
				C6F873212B0C7E060000E482 /* Release */,
			);
			defaultConfigurationIsVisible = 0;
			defaultConfigurationName = Release;
		};
		C6F873222B0C7E060000E482 /* Build configuration list for PBXNativeTarget "UIkitSwiftuiIntegration" */ = {
			isa = XCConfigurationList;
			buildConfigurations = (
				C6F873232B0C7E060000E482 /* Debug */,
				C6F873242B0C7E060000E482 /* Release */,
			);
			defaultConfigurationIsVisible = 0;
			defaultConfigurationName = Release;
		};
/* End XCConfigurationList section */
	};
	rootObject = C6F873062B0C7E040000E482 /* Project object */;
}
